# THIS IS AN AUTOGENERATED FILE. DO NOT EDIT THIS FILE DIRECTLY.
# yarn lockfile v1


any-date-parser@^1.5.4:
  version "1.5.4"
  resolved "https://registry.npmjs.org/any-date-parser/-/any-date-parser-1.5.4.tgz"
  integrity sha512-S4gl9UmXNk9XXSQxp5w5harUD6aM0fepyL3dZM/B3znX57sWf792hS2UvvCFIHECfpsqfKbQ+cqWBky4AKyRIg==
