# THIS IS AN AUTOGENERATED FILE. DO NOT EDIT THIS FILE DIRECTLY.
# yarn lockfile v1


any-date-parser@^1.5.1:
  version "1.5.1"
  resolved "https://registry.yarnpkg.com/any-date-parser/-/any-date-parser-1.5.1.tgz#152db2bbc8c9b8f8715f58952ae09657e27d008f"
  integrity sha512-3fHJDprh78tWHXDqQ15iLbk/VDMsCq9ih0YTS8oAF8N7BKqurjRQkG7ZI4d+Cknh0TZ3aDqQ5WQvO2QGVLDK7A==
